
Microsoft Visual Studio Solution File, Format Version 12.00
# Visual Studio 15
VisualStudioVersion = 15.0.28307.1062
MinimumVisualStudioVersion = 10.0.40219.1
Project("{9A19103F-16F7-4668-BE54-9A1E7A4F7556}") = "EmployeeManagement", "EmployeeManagement\EmployeeManagement.csproj", "{DB32418A-8569-4F81-8815-45C053F0A33F}"
EndProject
Global
	GlobalSection(SolutionConfigurationPlatforms) = preSolution
		Debug|Any CPU = Debug|Any CPU
		Release|Any CPU = Release|Any CPU
	EndGlobalSection
	GlobalSection(ProjectConfigurationPlatforms) = postSolution
		{DB32418A-8569-4F81-8815-45C053F0A33F}.Debug|Any CPU.ActiveCfg = Debug|Any CPU
		{DB32418A-8569-4F81-8815-45C053F0A33F}.Debug|Any CPU.Build.0 = Debug|Any CPU
		{DB32418A-8569-4F81-8815-45C053F0A33F}.Release|Any CPU.ActiveCfg = Release|Any CPU
		{DB32418A-8569-4F81-8815-45C053F0A33F}.Release|Any CPU.Build.0 = Release|Any CPU
	EndGlobalSection
	GlobalSection(SolutionProperties) = preSolution
		HideSolutionNode = FALSE
	EndGlobalSection
	GlobalSection(ExtensibilityGlobals) = postSolution
		SolutionGuid = {1C81100D-6B9E-4D17-964B-A60149E114FB}
	EndGlobalSection
EndGlobal
